
Microsoft Visual Studio Solution File, Format Version 12.00
# Visual Studio 15
VisualStudioVersion = 15.0.27004.2009
MinimumVisualStudioVersion = 10.0.40219.1
Project("{FAE04EC0-301F-11D3-BF4B-00C04F79EFBC}") = "StatusBar", "StatusBar\StatusBar\StatusBar.csproj", "{5A6774E9-AB9D-49D7-B4DF-60B109F0738F}"
EndProject
Project("{FAE04EC0-301F-11D3-BF4B-00C04F79EFBC}") = "StatusBar.Android", "StatusBar\StatusBar.Android\StatusBar.Android.csproj", "{7B7FC59F-E019-4883-BD26-DAFC246AB4EE}"
EndProject
Global
	GlobalSection(SolutionConfigurationPlatforms) = preSolution
		Debug|Any CPU = Debug|Any CPU
		Debug|iPhone = Debug|iPhone
		Debug|iPhoneSimulator = Debug|iPhoneSimulator
		Release|Any CPU = Release|Any CPU
		Release|iPhone = Release|iPhone
		Release|iPhoneSimulator = Release|iPhoneSimulator
	EndGlobalSection
	GlobalSection(ProjectConfigurationPlatforms) = postSolution
		{5A6774E9-AB9D-49D7-B4DF-60B109F0738F}.Debug|Any CPU.ActiveCfg = Debug|Any CPU
		{5A6774E9-AB9D-49D7-B4DF-60B109F0738F}.Debug|Any CPU.Build.0 = Debug|Any CPU
		{5A6774E9-AB9D-49D7-B4DF-60B109F0738F}.Debug|iPhone.ActiveCfg = Debug|Any CPU
		{5A6774E9-AB9D-49D7-B4DF-60B109F0738F}.Debug|iPhone.Build.0 = Debug|Any CPU
		{5A6774E9-AB9D-49D7-B4DF-60B109F0738F}.Debug|iPhoneSimulator.ActiveCfg = Debug|Any CPU
		{5A6774E9-AB9D-49D7-B4DF-60B109F0738F}.Debug|iPhoneSimulator.Build.0 = Debug|Any CPU
		{5A6774E9-AB9D-49D7-B4DF-60B109F0738F}.Release|Any CPU.ActiveCfg = Release|Any CPU
		{5A6774E9-AB9D-49D7-B4DF-60B109F0738F}.Release|Any CPU.Build.0 = Release|Any CPU
		{5A6774E9-AB9D-49D7-B4DF-60B109F0738F}.Release|iPhone.ActiveCfg = Release|Any CPU
		{5A6774E9-AB9D-49D7-B4DF-60B109F0738F}.Release|iPhone.Build.0 = Release|Any CPU
		{5A6774E9-AB9D-49D7-B4DF-60B109F0738F}.Release|iPhoneSimulator.ActiveCfg = Release|Any CPU
		{5A6774E9-AB9D-49D7-B4DF-60B109F0738F}.Release|iPhoneSimulator.Build.0 = Release|Any CPU
		{7B7FC59F-E019-4883-BD26-DAFC246AB4EE}.Debug|Any CPU.ActiveCfg = Debug|Any CPU
		{7B7FC59F-E019-4883-BD26-DAFC246AB4EE}.Debug|Any CPU.Build.0 = Debug|Any CPU
		{7B7FC59F-E019-4883-BD26-DAFC246AB4EE}.Debug|Any CPU.Deploy.0 = Debug|Any CPU
		{7B7FC59F-E019-4883-BD26-DAFC246AB4EE}.Debug|iPhone.ActiveCfg = Debug|Any CPU
		{7B7FC59F-E019-4883-BD26-DAFC246AB4EE}.Debug|iPhone.Build.0 = Debug|Any CPU
		{7B7FC59F-E019-4883-BD26-DAFC246AB4EE}.Debug|iPhone.Deploy.0 = Debug|Any CPU
		{7B7FC59F-E019-4883-BD26-DAFC246AB4EE}.Debug|iPhoneSimulator.ActiveCfg = Debug|Any CPU
		{7B7FC59F-E019-4883-BD26-DAFC246AB4EE}.Debug|iPhoneSimulator.Build.0 = Debug|Any CPU
		{7B7FC59F-E019-4883-BD26-DAFC246AB4EE}.Debug|iPhoneSimulator.Deploy.0 = Debug|Any CPU
		{7B7FC59F-E019-4883-BD26-DAFC246AB4EE}.Release|Any CPU.ActiveCfg = Release|Any CPU
		{7B7FC59F-E019-4883-BD26-DAFC246AB4EE}.Release|Any CPU.Build.0 = Release|Any CPU
		{7B7FC59F-E019-4883-BD26-DAFC246AB4EE}.Release|Any CPU.Deploy.0 = Release|Any CPU
		{7B7FC59F-E019-4883-BD26-DAFC246AB4EE}.Release|iPhone.ActiveCfg = Release|Any CPU
		{7B7FC59F-E019-4883-BD26-DAFC246AB4EE}.Release|iPhone.Build.0 = Release|Any CPU
		{7B7FC59F-E019-4883-BD26-DAFC246AB4EE}.Release|iPhone.Deploy.0 = Release|Any CPU
		{7B7FC59F-E019-4883-BD26-DAFC246AB4EE}.Release|iPhoneSimulator.ActiveCfg = Release|Any CPU
		{7B7FC59F-E019-4883-BD26-DAFC246AB4EE}.Release|iPhoneSimulator.Build.0 = Release|Any CPU
		{7B7FC59F-E019-4883-BD26-DAFC246AB4EE}.Release|iPhoneSimulator.Deploy.0 = Release|Any CPU
	EndGlobalSection
	GlobalSection(SolutionProperties) = preSolution
		HideSolutionNode = FALSE
	EndGlobalSection
	GlobalSection(ExtensibilityGlobals) = postSolution
		SolutionGuid = {3C0A318A-D7C1-4684-9056-9D259FCF3A78}
	EndGlobalSection
EndGlobal
